{
  "name": "mojibake",
  "lockfileVersion": 3,
  "requires": true,
  "packages": {
    "": {
      "devDependencies": {
        "@types/better-sqlite3": "^7.6.11"
      }
    },
    "node_modules/@types/better-sqlite3": {
      "version": "7.6.11",
      "resolved": "https://registry.npmjs.org/@types/better-sqlite3/-/better-sqlite3-7.6.11.tgz",
      "integrity": "sha512-i8KcD3PgGtGBLl3+mMYA8PdKkButvPyARxA7IQAd6qeslht13qxb1zzO8dRCtE7U3IoJS782zDBAeoKiM695kg==",
      "dev": true,
      "license": "MIT",
      "dependencies": {
        "@types/node": "*"
      }
    },
    "node_modules/@types/node": {
      "version": "22.6.1",
      "resolved": "https://registry.npmjs.org/@types/node/-/node-22.6.1.tgz",
      "integrity": "sha512-V48tCfcKb/e6cVUigLAaJDAILdMP0fUW6BidkPK4GpGjXcfbnoHasCZDwz3N3yVt5we2RHm4XTQCpv0KJz9zqw==",
      "dev": true,
      "license": "MIT",
      "dependencies": {
        "undici-types": "~6.19.2"
      }
    },
    "node_modules/undici-types": {
      "version": "6.19.8",
      "resolved": "https://registry.npmjs.org/undici-types/-/undici-types-6.19.8.tgz",
      "integrity": "sha512-ve2KP6f/JnbPBFyobGHuerC9g1FYGn/F8n1LWTwNxCEzd6IfqTwUQcNXgEtmmQ6DlRrC1hrSrBnCZPokRrDHjw==",
      "dev": true,
      "license": "MIT"
    }
  }
}
